
Microsoft Visual Studio Solution File, Format Version 12.00
# Visual Studio Version 17
VisualStudioVersion = 17.9.34607.119
MinimumVisualStudioVersion = 10.0.40219.1
Project("{FAE04EC0-301F-11D3-BF4B-00C04F79EFBC}") = "KoleksiyonlarlailgiliAlgoritmaSorulari-2", "KoleksiyonlarlailgiliAlgoritmaSorulari-2.csproj", "{2EDAE2DE-1773-4871-B92C-F9B2BC3FA03B}"
EndProject
Global
	GlobalSection(SolutionConfigurationPlatforms) = preSolution
		Debug|Any CPU = Debug|Any CPU
		Release|Any CPU = Release|Any CPU
	EndGlobalSection
	GlobalSection(ProjectConfigurationPlatforms) = postSolution
		{2EDAE2DE-1773-4871-B92C-F9B2BC3FA03B}.Debug|Any CPU.ActiveCfg = Debug|Any CPU
		{2EDAE2DE-1773-4871-B92C-F9B2BC3FA03B}.Debug|Any CPU.Build.0 = Debug|Any CPU
		{2EDAE2DE-1773-4871-B92C-F9B2BC3FA03B}.Release|Any CPU.ActiveCfg = Release|Any CPU
		{2EDAE2DE-1773-4871-B92C-F9B2BC3FA03B}.Release|Any CPU.Build.0 = Release|Any CPU
	EndGlobalSection
	GlobalSection(SolutionProperties) = preSolution
		HideSolutionNode = FALSE
	EndGlobalSection
	GlobalSection(ExtensibilityGlobals) = postSolution
		SolutionGuid = {8138EC99-EB81-4F64-BBA5-B3262CA8DD48}
	EndGlobalSection
EndGlobal
